// !$*UTF8*$!
{
	archiveVersion = 1;
	classes = {
	};
	objectVersion = 48;
	objects = {

/* Begin PBXBuildFile section */
		6365179D1FC58DD400E62330 /* AppDelegate.swift in Sources */ = {isa = PBXBuildFile; fileRef = 6365179C1FC58DD400E62330 /* AppDelegate.swift */; };
		636517A41FC58DD400E62330 /* Assets.xcassets in Resources */ = {isa = PBXBuildFile; fileRef = 636517A31FC58DD400E62330 /* Assets.xcassets */; };
		636517A71FC58DD400E62330 /* LaunchScreen.storyboard in Resources */ = {isa = PBXBuildFile; fileRef = 636517A51FC58DD400E62330 /* LaunchScreen.storyboard */; };
		636517AF1FC58E1200E62330 /* MVCViewController.swift in Sources */ = {isa = PBXBuildFile; fileRef = 636517AE1FC58E1200E62330 /* MVCViewController.swift */; };
		636517CC1FC5B0FC00E62330 /* Section.swift in Sources */ = {isa = PBXBuildFile; fileRef = 636517CB1FC5B0FC00E62330 /* Section.swift */; };
		636517D11FC5B2FE00E62330 /* ExpandableHeaderView.xib in Resources */ = {isa = PBXBuildFile; fileRef = 636517D01FC5B2FE00E62330 /* ExpandableHeaderView.xib */; };
		636517D31FC5B46A00E62330 /* ExpandableHeaderView.swift in Sources */ = {isa = PBXBuildFile; fileRef = 636517D21FC5B46A00E62330 /* ExpandableHeaderView.swift */; };
		63AD020B1FC70983000385BC /* InitBuilder.swift in Sources */ = {isa = PBXBuildFile; fileRef = 63AD01FF1FC70983000385BC /* InitBuilder.swift */; };
		63AD020C1FC70983000385BC /* InitModel.swift in Sources */ = {isa = PBXBuildFile; fileRef = 63AD02001FC70983000385BC /* InitModel.swift */; };
		63AD020D1FC70983000385BC /* InitRouter.swift in Sources */ = {isa = PBXBuildFile; fileRef = 63AD02011FC70983000385BC /* InitRouter.swift */; };
		63AD020E1FC70983000385BC /* InitViewController.swift in Sources */ = {isa = PBXBuildFile; fileRef = 63AD02021FC70983000385BC /* InitViewController.swift */; };
		63AD020F1FC70983000385BC /* InitTableViewCell.swift in Sources */ = {isa = PBXBuildFile; fileRef = 63AD02051FC70983000385BC /* InitTableViewCell.swift */; };
		63AD02101FC70983000385BC /* InitTableViewCell.xib in Resources */ = {isa = PBXBuildFile; fileRef = 63AD02061FC70983000385BC /* InitTableViewCell.xib */; };
		63AD02111FC70983000385BC /* InitDataSource.swift in Sources */ = {isa = PBXBuildFile; fileRef = 63AD02071FC70983000385BC /* InitDataSource.swift */; };
		63AD02121FC70983000385BC /* InitView.swift in Sources */ = {isa = PBXBuildFile; fileRef = 63AD02091FC70983000385BC /* InitView.swift */; };
		63AD02131FC70983000385BC /* InitView.xib in Resources */ = {isa = PBXBuildFile; fileRef = 63AD020A1FC70983000385BC /* InitView.xib */; };
		DF850E45B4E47A2FB1FDA47F /* Pods_ExtensibleTableView.framework in Frameworks */ = {isa = PBXBuildFile; fileRef = A3B15320E13C269747E3B773 /* Pods_ExtensibleTableView.framework */; };
/* End PBXBuildFile section */

/* Begin PBXFileReference section */
		636517991FC58DD400E62330 /* ExtensibleTableView.app */ = {isa = PBXFileReference; explicitFileType = wrapper.application; includeInIndex = 0; path = ExtensibleTableView.app; sourceTree = BUILT_PRODUCTS_DIR; };
		6365179C1FC58DD400E62330 /* AppDelegate.swift */ = {isa = PBXFileReference; lastKnownFileType = sourcecode.swift; path = AppDelegate.swift; sourceTree = "<group>"; };
		636517A31FC58DD400E62330 /* Assets.xcassets */ = {isa = PBXFileReference; lastKnownFileType = folder.assetcatalog; path = Assets.xcassets; sourceTree = "<group>"; };
		636517A61FC58DD400E62330 /* Base */ = {isa = PBXFileReference; lastKnownFileType = file.storyboard; name = Base; path = Base.lproj/LaunchScreen.storyboard; sourceTree = "<group>"; };
		636517A81FC58DD400E62330 /* Info.plist */ = {isa = PBXFileReference; lastKnownFileType = text.plist.xml; path = Info.plist; sourceTree = "<group>"; };
		636517AE1FC58E1200E62330 /* MVCViewController.swift */ = {isa = PBXFileReference; fileEncoding = 4; lastKnownFileType = sourcecode.swift; path = MVCViewController.swift; sourceTree = "<group>"; };
		636517CB1FC5B0FC00E62330 /* Section.swift */ = {isa = PBXFileReference; lastKnownFileType = sourcecode.swift; path = Section.swift; sourceTree = "<group>"; };
		636517D01FC5B2FE00E62330 /* ExpandableHeaderView.xib */ = {isa = PBXFileReference; lastKnownFileType = file.xib; path = ExpandableHeaderView.xib; sourceTree = "<group>"; };
		636517D21FC5B46A00E62330 /* ExpandableHeaderView.swift */ = {isa = PBXFileReference; lastKnownFileType = sourcecode.swift; path = ExpandableHeaderView.swift; sourceTree = "<group>"; };
		63AD01FF1FC70983000385BC /* InitBuilder.swift */ = {isa = PBXFileReference; fileEncoding = 4; lastKnownFileType = sourcecode.swift; path = InitBuilder.swift; sourceTree = "<group>"; };
		63AD02001FC70983000385BC /* InitModel.swift */ = {isa = PBXFileReference; fileEncoding = 4; lastKnownFileType = sourcecode.swift; path = InitModel.swift; sourceTree = "<group>"; };
		63AD02011FC70983000385BC /* InitRouter.swift */ = {isa = PBXFileReference; fileEncoding = 4; lastKnownFileType = sourcecode.swift; path = InitRouter.swift; sourceTree = "<group>"; };
		63AD02021FC70983000385BC /* InitViewController.swift */ = {isa = PBXFileReference; fileEncoding = 4; lastKnownFileType = sourcecode.swift; path = InitViewController.swift; sourceTree = "<group>"; };
		63AD02051FC70983000385BC /* InitTableViewCell.swift */ = {isa = PBXFileReference; fileEncoding = 4; lastKnownFileType = sourcecode.swift; path = InitTableViewCell.swift; sourceTree = "<group>"; };
		63AD02061FC70983000385BC /* InitTableViewCell.xib */ = {isa = PBXFileReference; fileEncoding = 4; lastKnownFileType = file.xib; path = InitTableViewCell.xib; sourceTree = "<group>"; };
		63AD02071FC70983000385BC /* InitDataSource.swift */ = {isa = PBXFileReference; fileEncoding = 4; lastKnownFileType = sourcecode.swift; path = InitDataSource.swift; sourceTree = "<group>"; };
		63AD02091FC70983000385BC /* InitView.swift */ = {isa = PBXFileReference; fileEncoding = 4; lastKnownFileType = sourcecode.swift; path = InitView.swift; sourceTree = "<group>"; };
		63AD020A1FC70983000385BC /* InitView.xib */ = {isa = PBXFileReference; fileEncoding = 4; lastKnownFileType = file.xib; path = InitView.xib; sourceTree = "<group>"; };
		8F3F8F5C88EF93C9E6AB0A24 /* Pods-ExtensibleTableView.release.xcconfig */ = {isa = PBXFileReference; includeInIndex = 1; lastKnownFileType = text.xcconfig; name = "Pods-ExtensibleTableView.release.xcconfig"; path = "Pods/Target Support Files/Pods-ExtensibleTableView/Pods-ExtensibleTableView.release.xcconfig"; sourceTree = "<group>"; };
		8FB5326001A3C6B79089F0D9 /* Pods-ExtensibleTableView.debug.xcconfig */ = {isa = PBXFileReference; includeInIndex = 1; lastKnownFileType = text.xcconfig; name = "Pods-ExtensibleTableView.debug.xcconfig"; path = "Pods/Target Support Files/Pods-ExtensibleTableView/Pods-ExtensibleTableView.debug.xcconfig"; sourceTree = "<group>"; };
		A3B15320E13C269747E3B773 /* Pods_ExtensibleTableView.framework */ = {isa = PBXFileReference; explicitFileType = wrapper.framework; includeInIndex = 0; path = Pods_ExtensibleTableView.framework; sourceTree = BUILT_PRODUCTS_DIR; };
/* End PBXFileReference section */

/* Begin PBXFrameworksBuildPhase section */
		636517961FC58DD400E62330 /* Frameworks */ = {
			isa = PBXFrameworksBuildPhase;
			buildActionMask = 2147483647;
			files = (
				DF850E45B4E47A2FB1FDA47F /* Pods_ExtensibleTableView.framework in Frameworks */,
			);
			runOnlyForDeploymentPostprocessing = 0;
		};
/* End PBXFrameworksBuildPhase section */

/* Begin PBXGroup section */
		636517901FC58DD400E62330 = {
			isa = PBXGroup;
			children = (
				6365179B1FC58DD400E62330 /* ExtensibleTableView */,
				6365179A1FC58DD400E62330 /* Products */,
				AEB34E277CDF6E2FD43FBA7A /* Pods */,
				878BA96A543F3113AE03EA17 /* Frameworks */,
			);
			sourceTree = "<group>";
		};
		6365179A1FC58DD400E62330 /* Products */ = {
			isa = PBXGroup;
			children = (
				636517991FC58DD400E62330 /* ExtensibleTableView.app */,
			);
			name = Products;
			sourceTree = "<group>";
		};
		6365179B1FC58DD400E62330 /* ExtensibleTableView */ = {
			isa = PBXGroup;
			children = (
				636517CD1FC5B29700E62330 /* Models */,
				636517B01FC58E1700E62330 /* Modules */,
				6365179C1FC58DD400E62330 /* AppDelegate.swift */,
				636517A31FC58DD400E62330 /* Assets.xcassets */,
				636517A51FC58DD400E62330 /* LaunchScreen.storyboard */,
				636517A81FC58DD400E62330 /* Info.plist */,
			);
			path = ExtensibleTableView;
			sourceTree = "<group>";
		};
		636517B01FC58E1700E62330 /* Modules */ = {
			isa = PBXGroup;
			children = (
				636517B11FC58E2100E62330 /* Base */,
				636517B21FC58E3700E62330 /* TableView */,
			);
			path = Modules;
			sourceTree = "<group>";
		};
		636517B11FC58E2100E62330 /* Base */ = {
			isa = PBXGroup;
			children = (
				636517AE1FC58E1200E62330 /* MVCViewController.swift */,
			);
			path = Base;
			sourceTree = "<group>";
		};
		636517B21FC58E3700E62330 /* TableView */ = {
			isa = PBXGroup;
			children = (
				63AD01FB1FC70966000385BC /* Init */,
			);
			path = TableView;
			sourceTree = "<group>";
		};
		636517CD1FC5B29700E62330 /* Models */ = {
			isa = PBXGroup;
			children = (
				636517CB1FC5B0FC00E62330 /* Section.swift */,
			);
			path = Models;
			sourceTree = "<group>";
		};
		63AD01FB1FC70966000385BC /* Init */ = {
			isa = PBXGroup;
			children = (
				63AD01FE1FC70983000385BC /* Init */,
			);
			path = Init;
			sourceTree = "<group>";
		};
		63AD01FE1FC70983000385BC /* Init */ = {
			isa = PBXGroup;
			children = (
				63AD01FF1FC70983000385BC /* InitBuilder.swift */,
				63AD02001FC70983000385BC /* InitModel.swift */,
				63AD02011FC70983000385BC /* InitRouter.swift */,
				63AD02021FC70983000385BC /* InitViewController.swift */,
				63AD02031FC70983000385BC /* TableView */,
				63AD02081FC70983000385BC /* View */,
			);
			path = Init;
			sourceTree = "<group>";
		};
		63AD02031FC70983000385BC /* TableView */ = {
			isa = PBXGroup;
			children = (
				63AD02041FC70983000385BC /* Cells */,
				63AD02071FC70983000385BC /* InitDataSource.swift */,
			);
			path = TableView;
			sourceTree = "<group>";
		};
		63AD02041FC70983000385BC /* Cells */ = {
			isa = PBXGroup;
			children = (
				636517D21FC5B46A00E62330 /* ExpandableHeaderView.swift */,
				636517D01FC5B2FE00E62330 /* ExpandableHeaderView.xib */,
				63AD02051FC70983000385BC /* InitTableViewCell.swift */,
				63AD02061FC70983000385BC /* InitTableViewCell.xib */,
			);
			path = Cells;
			sourceTree = "<group>";
		};
		63AD02081FC70983000385BC /* View */ = {
			isa = PBXGroup;
			children = (
				63AD02091FC70983000385BC /* InitView.swift */,
				63AD020A1FC70983000385BC /* InitView.xib */,
			);
			path = View;
			sourceTree = "<group>";
		};
		878BA96A543F3113AE03EA17 /* Frameworks */ = {
			isa = PBXGroup;
			children = (
				A3B15320E13C269747E3B773 /* Pods_ExtensibleTableView.framework */,
			);
			name = Frameworks;
			sourceTree = "<group>";
		};
		AEB34E277CDF6E2FD43FBA7A /* Pods */ = {
			isa = PBXGroup;
			children = (
				8FB5326001A3C6B79089F0D9 /* Pods-ExtensibleTableView.debug.xcconfig */,
				8F3F8F5C88EF93C9E6AB0A24 /* Pods-ExtensibleTableView.release.xcconfig */,
			);
			name = Pods;
			sourceTree = "<group>";
		};
/* End PBXGroup section */

/* Begin PBXNativeTarget section */
		636517981FC58DD400E62330 /* ExtensibleTableView */ = {
			isa = PBXNativeTarget;
			buildConfigurationList = 636517AB1FC58DD400E62330 /* Build configuration list for PBXNativeTarget "ExtensibleTableView" */;
			buildPhases = (
				FEA18B932DC46DB81AA828D9 /* [CP] Check Pods Manifest.lock */,
				636517951FC58DD400E62330 /* Sources */,
				636517961FC58DD400E62330 /* Frameworks */,
				636517971FC58DD400E62330 /* Resources */,
				D4001B3AFE754245495CE912 /* [CP] Embed Pods Frameworks */,
				E409FD36AF4F84AF481A1C27 /* [CP] Copy Pods Resources */,
			);
			buildRules = (
			);
			dependencies = (
			);
			name = ExtensibleTableView;
			productName = ExtensibleTableView;
			productReference = 636517991FC58DD400E62330 /* ExtensibleTableView.app */;
			productType = "com.apple.product-type.application";
		};
/* End PBXNativeTarget section */

/* Begin PBXProject section */
		636517911FC58DD400E62330 /* Project object */ = {
			isa = PBXProject;
			attributes = {
				LastSwiftUpdateCheck = 0910;
				LastUpgradeCheck = 0910;
				ORGANIZATIONNAME = "Andrey Momot";
				TargetAttributes = {
					636517981FC58DD400E62330 = {
						CreatedOnToolsVersion = 9.1;
						ProvisioningStyle = Automatic;
					};
				};
			};
			buildConfigurationList = 636517941FC58DD400E62330 /* Build configuration list for PBXProject "ExtensibleTableView" */;
			compatibilityVersion = "Xcode 8.0";
			developmentRegion = en;
			hasScannedForEncodings = 0;
			knownRegions = (
				en,
				Base,
			);
			mainGroup = 636517901FC58DD400E62330;
			productRefGroup = 6365179A1FC58DD400E62330 /* Products */;
			projectDirPath = "";
			projectRoot = "";
			targets = (
				636517981FC58DD400E62330 /* ExtensibleTableView */,
			);
		};
/* End PBXProject section */

/* Begin PBXResourcesBuildPhase section */
		636517971FC58DD400E62330 /* Resources */ = {
			isa = PBXResourcesBuildPhase;
			buildActionMask = 2147483647;
			files = (
				63AD02101FC70983000385BC /* InitTableViewCell.xib in Resources */,
				636517A71FC58DD400E62330 /* LaunchScreen.storyboard in Resources */,
				636517D11FC5B2FE00E62330 /* ExpandableHeaderView.xib in Resources */,
				63AD02131FC70983000385BC /* InitView.xib in Resources */,
				636517A41FC58DD400E62330 /* Assets.xcassets in Resources */,
			);
			runOnlyForDeploymentPostprocessing = 0;
		};
/* End PBXResourcesBuildPhase section */

/* Begin PBXShellScriptBuildPhase section */
		D4001B3AFE754245495CE912 /* [CP] Embed Pods Frameworks */ = {
			isa = PBXShellScriptBuildPhase;
			buildActionMask = 2147483647;
			files = (
			);
			inputPaths = (
				"${SRCROOT}/Pods/Target Support Files/Pods-ExtensibleTableView/Pods-ExtensibleTableView-frameworks.sh",
				"${BUILT_PRODUCTS_DIR}/COSTouchVisualizer/COSTouchVisualizer.framework",
			);
			name = "[CP] Embed Pods Frameworks";
			outputPaths = (
				"${TARGET_BUILD_DIR}/${FRAMEWORKS_FOLDER_PATH}/COSTouchVisualizer.framework",
			);
			runOnlyForDeploymentPostprocessing = 0;
			shellPath = /bin/sh;
			shellScript = "\"${SRCROOT}/Pods/Target Support Files/Pods-ExtensibleTableView/Pods-ExtensibleTableView-frameworks.sh\"\n";
			showEnvVarsInLog = 0;
		};
		E409FD36AF4F84AF481A1C27 /* [CP] Copy Pods Resources */ = {
			isa = PBXShellScriptBuildPhase;
			buildActionMask = 2147483647;
			files = (
			);
			inputPaths = (
			);
			name = "[CP] Copy Pods Resources";
			outputPaths = (
			);
			runOnlyForDeploymentPostprocessing = 0;
			shellPath = /bin/sh;
			shellScript = "\"${SRCROOT}/Pods/Target Support Files/Pods-ExtensibleTableView/Pods-ExtensibleTableView-resources.sh\"\n";
			showEnvVarsInLog = 0;
		};
		FEA18B932DC46DB81AA828D9 /* [CP] Check Pods Manifest.lock */ = {
			isa = PBXShellScriptBuildPhase;
			buildActionMask = 2147483647;
			files = (
			);
			inputPaths = (
				"${PODS_PODFILE_DIR_PATH}/Podfile.lock",
				"${PODS_ROOT}/Manifest.lock",
			);
			name = "[CP] Check Pods Manifest.lock";
			outputPaths = (
				"$(DERIVED_FILE_DIR)/Pods-ExtensibleTableView-checkManifestLockResult.txt",
			);
			runOnlyForDeploymentPostprocessing = 0;
			shellPath = /bin/sh;
			shellScript = "diff \"${PODS_PODFILE_DIR_PATH}/Podfile.lock\" \"${PODS_ROOT}/Manifest.lock\" > /dev/null\nif [ $? != 0 ] ; then\n    # print error to STDERR\n    echo \"error: The sandbox is not in sync with the Podfile.lock. Run 'pod install' or update your CocoaPods installation.\" >&2\n    exit 1\nfi\n# This output is used by Xcode 'outputs' to avoid re-running this script phase.\necho \"SUCCESS\" > \"${SCRIPT_OUTPUT_FILE_0}\"\n";
			showEnvVarsInLog = 0;
		};
/* End PBXShellScriptBuildPhase section */

/* Begin PBXSourcesBuildPhase section */
		636517951FC58DD400E62330 /* Sources */ = {
			isa = PBXSourcesBuildPhase;
			buildActionMask = 2147483647;
			files = (
				63AD02121FC70983000385BC /* InitView.swift in Sources */,
				63AD020D1FC70983000385BC /* InitRouter.swift in Sources */,
				636517CC1FC5B0FC00E62330 /* Section.swift in Sources */,
				6365179D1FC58DD400E62330 /* AppDelegate.swift in Sources */,
				63AD020E1FC70983000385BC /* InitViewController.swift in Sources */,
				63AD020F1FC70983000385BC /* InitTableViewCell.swift in Sources */,
				63AD020B1FC70983000385BC /* InitBuilder.swift in Sources */,
				636517D31FC5B46A00E62330 /* ExpandableHeaderView.swift in Sources */,
				636517AF1FC58E1200E62330 /* MVCViewController.swift in Sources */,
				63AD02111FC70983000385BC /* InitDataSource.swift in Sources */,
				63AD020C1FC70983000385BC /* InitModel.swift in Sources */,
			);
			runOnlyForDeploymentPostprocessing = 0;
		};
/* End PBXSourcesBuildPhase section */

/* Begin PBXVariantGroup section */
		636517A51FC58DD400E62330 /* LaunchScreen.storyboard */ = {
			isa = PBXVariantGroup;
			children = (
				636517A61FC58DD400E62330 /* Base */,
			);
			name = LaunchScreen.storyboard;
			sourceTree = "<group>";
		};
/* End PBXVariantGroup section */

/* Begin XCBuildConfiguration section */
		636517A91FC58DD400E62330 /* Debug */ = {
			isa = XCBuildConfiguration;
			buildSettings = {
				ALWAYS_SEARCH_USER_PATHS = NO;
				CLANG_ANALYZER_NONNULL = YES;
				CLANG_ANALYZER_NUMBER_OBJECT_CONVERSION = YES_AGGRESSIVE;
				CLANG_CXX_LANGUAGE_STANDARD = "gnu++14";
				CLANG_CXX_LIBRARY = "libc++";
				CLANG_ENABLE_MODULES = YES;
				CLANG_ENABLE_OBJC_ARC = YES;
				CLANG_WARN_BLOCK_CAPTURE_AUTORELEASING = YES;
				CLANG_WARN_BOOL_CONVERSION = YES;
				CLANG_WARN_COMMA = YES;
				CLANG_WARN_CONSTANT_CONVERSION = YES;
				CLANG_WARN_DIRECT_OBJC_ISA_USAGE = YES_ERROR;
				CLANG_WARN_DOCUMENTATION_COMMENTS = YES;
				CLANG_WARN_EMPTY_BODY = YES;
				CLANG_WARN_ENUM_CONVERSION = YES;
				CLANG_WARN_INFINITE_RECURSION = YES;
				CLANG_WARN_INT_CONVERSION = YES;
				CLANG_WARN_NON_LITERAL_NULL_CONVERSION = YES;
				CLANG_WARN_OBJC_LITERAL_CONVERSION = YES;
				CLANG_WARN_OBJC_ROOT_CLASS = YES_ERROR;
				CLANG_WARN_RANGE_LOOP_ANALYSIS = YES;
				CLANG_WARN_STRICT_PROTOTYPES = YES;
				CLANG_WARN_SUSPICIOUS_MOVE = YES;
				CLANG_WARN_UNGUARDED_AVAILABILITY = YES_AGGRESSIVE;
				CLANG_WARN_UNREACHABLE_CODE = YES;
				CLANG_WARN__DUPLICATE_METHOD_MATCH = YES;
				CODE_SIGN_IDENTITY = "iPhone Developer";
				COPY_PHASE_STRIP = NO;
				DEBUG_INFORMATION_FORMAT = dwarf;
				ENABLE_STRICT_OBJC_MSGSEND = YES;
				ENABLE_TESTABILITY = YES;
				GCC_C_LANGUAGE_STANDARD = gnu11;
				GCC_DYNAMIC_NO_PIC = NO;
				GCC_NO_COMMON_BLOCKS = YES;
				GCC_OPTIMIZATION_LEVEL = 0;
				GCC_PREPROCESSOR_DEFINITIONS = (
					"DEBUG=1",
					"$(inherited)",
				);
				GCC_WARN_64_TO_32_BIT_CONVERSION = YES;
				GCC_WARN_ABOUT_RETURN_TYPE = YES_ERROR;
				GCC_WARN_UNDECLARED_SELECTOR = YES;
				GCC_WARN_UNINITIALIZED_AUTOS = YES_AGGRESSIVE;
				GCC_WARN_UNUSED_FUNCTION = YES;
				GCC_WARN_UNUSED_VARIABLE = YES;
				IPHONEOS_DEPLOYMENT_TARGET = 11.1;
				MTL_ENABLE_DEBUG_INFO = YES;
				ONLY_ACTIVE_ARCH = YES;
				SDKROOT = iphoneos;
				SWIFT_ACTIVE_COMPILATION_CONDITIONS = DEBUG;
				SWIFT_OPTIMIZATION_LEVEL = "-Onone";
			};
			name = Debug;
		};
		636517AA1FC58DD400E62330 /* Release */ = {
			isa = XCBuildConfiguration;
			buildSettings = {
				ALWAYS_SEARCH_USER_PATHS = NO;
				CLANG_ANALYZER_NONNULL = YES;
				CLANG_ANALYZER_NUMBER_OBJECT_CONVERSION = YES_AGGRESSIVE;
				CLANG_CXX_LANGUAGE_STANDARD = "gnu++14";
				CLANG_CXX_LIBRARY = "libc++";
				CLANG_ENABLE_MODULES = YES;
				CLANG_ENABLE_OBJC_ARC = YES;
				CLANG_WARN_BLOCK_CAPTURE_AUTORELEASING = YES;
				CLANG_WARN_BOOL_CONVERSION = YES;
				CLANG_WARN_COMMA = YES;
				CLANG_WARN_CONSTANT_CONVERSION = YES;
				CLANG_WARN_DIRECT_OBJC_ISA_USAGE = YES_ERROR;
				CLANG_WARN_DOCUMENTATION_COMMENTS = YES;
				CLANG_WARN_EMPTY_BODY = YES;
				CLANG_WARN_ENUM_CONVERSION = YES;
				CLANG_WARN_INFINITE_RECURSION = YES;
				CLANG_WARN_INT_CONVERSION = YES;
				CLANG_WARN_NON_LITERAL_NULL_CONVERSION = YES;
				CLANG_WARN_OBJC_LITERAL_CONVERSION = YES;
				CLANG_WARN_OBJC_ROOT_CLASS = YES_ERROR;
				CLANG_WARN_RANGE_LOOP_ANALYSIS = YES;
				CLANG_WARN_STRICT_PROTOTYPES = YES;
				CLANG_WARN_SUSPICIOUS_MOVE = YES;
				CLANG_WARN_UNGUARDED_AVAILABILITY = YES_AGGRESSIVE;
				CLANG_WARN_UNREACHABLE_CODE = YES;
				CLANG_WARN__DUPLICATE_METHOD_MATCH = YES;
				CODE_SIGN_IDENTITY = "iPhone Developer";
				COPY_PHASE_STRIP = NO;
				DEBUG_INFORMATION_FORMAT = "dwarf-with-dsym";
				ENABLE_NS_ASSERTIONS = NO;
				ENABLE_STRICT_OBJC_MSGSEND = YES;
				GCC_C_LANGUAGE_STANDARD = gnu11;
				GCC_NO_COMMON_BLOCKS = YES;
				GCC_WARN_64_TO_32_BIT_CONVERSION = YES;
				GCC_WARN_ABOUT_RETURN_TYPE = YES_ERROR;
				GCC_WARN_UNDECLARED_SELECTOR = YES;
				GCC_WARN_UNINITIALIZED_AUTOS = YES_AGGRESSIVE;
				GCC_WARN_UNUSED_FUNCTION = YES;
				GCC_WARN_UNUSED_VARIABLE = YES;
				IPHONEOS_DEPLOYMENT_TARGET = 11.1;
				MTL_ENABLE_DEBUG_INFO = NO;
				SDKROOT = iphoneos;
				SWIFT_OPTIMIZATION_LEVEL = "-Owholemodule";
				VALIDATE_PRODUCT = YES;
			};
			name = Release;
		};
		636517AC1FC58DD400E62330 /* Debug */ = {
			isa = XCBuildConfiguration;
			baseConfigurationReference = 8FB5326001A3C6B79089F0D9 /* Pods-ExtensibleTableView.debug.xcconfig */;
			buildSettings = {
				ASSETCATALOG_COMPILER_APPICON_NAME = AppIcon;
				CODE_SIGN_STYLE = Automatic;
				DEVELOPMENT_TEAM = RB2CCW5865;
				INFOPLIST_FILE = ExtensibleTableView/Info.plist;
				LD_RUNPATH_SEARCH_PATHS = "$(inherited) @executable_path/Frameworks";
				PRODUCT_BUNDLE_IDENTIFIER = com.dbbest.ExtensibleTableView;
				PRODUCT_NAME = "$(TARGET_NAME)";
				SWIFT_VERSION = 4.0;
				TARGETED_DEVICE_FAMILY = "1,2";
			};
			name = Debug;
		};
		636517AD1FC58DD400E62330 /* Release */ = {
			isa = XCBuildConfiguration;
			baseConfigurationReference = 8F3F8F5C88EF93C9E6AB0A24 /* Pods-ExtensibleTableView.release.xcconfig */;
			buildSettings = {
				ASSETCATALOG_COMPILER_APPICON_NAME = AppIcon;
				CODE_SIGN_STYLE = Automatic;
				DEVELOPMENT_TEAM = RB2CCW5865;
				INFOPLIST_FILE = ExtensibleTableView/Info.plist;
				LD_RUNPATH_SEARCH_PATHS = "$(inherited) @executable_path/Frameworks";
				PRODUCT_BUNDLE_IDENTIFIER = com.dbbest.ExtensibleTableView;
				PRODUCT_NAME = "$(TARGET_NAME)";
				SWIFT_VERSION = 4.0;
				TARGETED_DEVICE_FAMILY = "1,2";
			};
			name = Release;
		};
/* End XCBuildConfiguration section */

/* Begin XCConfigurationList section */
		636517941FC58DD400E62330 /* Build configuration list for PBXProject "ExtensibleTableView" */ = {
			isa = XCConfigurationList;
			buildConfigurations = (
				636517A91FC58DD400E62330 /* Debug */,
				636517AA1FC58DD400E62330 /* Release */,
			);
			defaultConfigurationIsVisible = 0;
			defaultConfigurationName = Release;
		};
		636517AB1FC58DD400E62330 /* Build configuration list for PBXNativeTarget "ExtensibleTableView" */ = {
			isa = XCConfigurationList;
			buildConfigurations = (
				636517AC1FC58DD400E62330 /* Debug */,
				636517AD1FC58DD400E62330 /* Release */,
			);
			defaultConfigurationIsVisible = 0;
			defaultConfigurationName = Release;
		};
/* End XCConfigurationList section */
	};
	rootObject = 636517911FC58DD400E62330 /* Project object */;
}
